
Microsoft Visual Studio Solution File, Format Version 12.00
# Visual Studio Version 16
VisualStudioVersion = 16.0.31321.278
MinimumVisualStudioVersion = 10.0.40219.1
Project("{FAE04EC0-301F-11D3-BF4B-00C04F79EFBC}") = "Demo", "Demo.csproj", "{C5856B15-3C2E-479C-A6AF-BD9E3DEDE475}"
EndProject
Global
	GlobalSection(SolutionConfigurationPlatforms) = preSolution
		Debug|Any CPU = Debug|Any CPU
		Release|Any CPU = Release|Any CPU
	EndGlobalSection
	GlobalSection(ProjectConfigurationPlatforms) = postSolution
		{C5856B15-3C2E-479C-A6AF-BD9E3DEDE475}.Debug|Any CPU.ActiveCfg = Debug|Any CPU
		{C5856B15-3C2E-479C-A6AF-BD9E3DEDE475}.Debug|Any CPU.Build.0 = Debug|Any CPU
		{C5856B15-3C2E-479C-A6AF-BD9E3DEDE475}.Release|Any CPU.ActiveCfg = Release|Any CPU
		{C5856B15-3C2E-479C-A6AF-BD9E3DEDE475}.Release|Any CPU.Build.0 = Release|Any CPU
	EndGlobalSection
	GlobalSection(SolutionProperties) = preSolution
		HideSolutionNode = FALSE
	EndGlobalSection
	GlobalSection(ExtensibilityGlobals) = postSolution
		SolutionGuid = {79A327A2-0C5E-4E10-ADA1-1A0C8414DAA0}
	EndGlobalSection
EndGlobal
